
Microsoft Visual Studio Solution File, Format Version 12.00
# Visual Studio Version 17
VisualStudioVersion = 17.5.002.0
MinimumVisualStudioVersion = 10.0.40219.1
Project("{9A19103F-16F7-4668-BE54-9A1E7A4F7556}") = "ScanAndGoApi", "web-api-master\ScanAndGoApi.csproj", "{A14EC2F9-4593-4F0C-81A2-BE42C22360A6}"
EndProject
Global
	GlobalSection(SolutionConfigurationPlatforms) = preSolution
		Debug|Any CPU = Debug|Any CPU
		Release|Any CPU = Release|Any CPU
	EndGlobalSection
	GlobalSection(ProjectConfigurationPlatforms) = postSolution
		{A14EC2F9-4593-4F0C-81A2-BE42C22360A6}.Debug|Any CPU.ActiveCfg = Debug|Any CPU
		{A14EC2F9-4593-4F0C-81A2-BE42C22360A6}.Debug|Any CPU.Build.0 = Debug|Any CPU
		{A14EC2F9-4593-4F0C-81A2-BE42C22360A6}.Release|Any CPU.ActiveCfg = Release|Any CPU
		{A14EC2F9-4593-4F0C-81A2-BE42C22360A6}.Release|Any CPU.Build.0 = Release|Any CPU
	EndGlobalSection
	GlobalSection(SolutionProperties) = preSolution
		HideSolutionNode = FALSE
	EndGlobalSection
	GlobalSection(ExtensibilityGlobals) = postSolution
		SolutionGuid = {B3D8B8F6-E638-4F7D-B9DD-7B525E5B6BE1}
	EndGlobalSection
EndGlobal
